
Microsoft Visual Studio Solution File, Format Version 12.00
# Visual Studio 15
VisualStudioVersion = 15.0.28307.489
MinimumVisualStudioVersion = 10.0.40219.1
Project("{FAE04EC0-301F-11D3-BF4B-00C04F79EFBC}") = "PracticaDani", "PracticaDani\PracticaDani.csproj", "{0D750B12-53C9-4004-9BCC-F5A31B1C7B68}"
EndProject
Global
	GlobalSection(SolutionConfigurationPlatforms) = preSolution
		Debug|Any CPU = Debug|Any CPU
		Release|Any CPU = Release|Any CPU
	EndGlobalSection
	GlobalSection(ProjectConfigurationPlatforms) = postSolution
		{0D750B12-53C9-4004-9BCC-F5A31B1C7B68}.Debug|Any CPU.ActiveCfg = Debug|Any CPU
		{0D750B12-53C9-4004-9BCC-F5A31B1C7B68}.Debug|Any CPU.Build.0 = Debug|Any CPU
		{0D750B12-53C9-4004-9BCC-F5A31B1C7B68}.Release|Any CPU.ActiveCfg = Release|Any CPU
		{0D750B12-53C9-4004-9BCC-F5A31B1C7B68}.Release|Any CPU.Build.0 = Release|Any CPU
	EndGlobalSection
	GlobalSection(SolutionProperties) = preSolution
		HideSolutionNode = FALSE
	EndGlobalSection
	GlobalSection(ExtensibilityGlobals) = postSolution
		SolutionGuid = {1657026E-FAA1-4AC5-A0C4-A7F6F6ED37B9}
	EndGlobalSection
EndGlobal
